// !$*UTF8*$!
{
	archiveVersion = 1;
	classes = {
	};
	objectVersion = 50;
	objects = {

/* Begin PBXBuildFile section */
		9512E90D24888BF8005B6A36 /* AppDelegate.m in Sources */ = {isa = PBXBuildFile; fileRef = 9512E90C24888BF8005B6A36 /* AppDelegate.m */; };
		9512E91024888BF8005B6A36 /* SceneDelegate.m in Sources */ = {isa = PBXBuildFile; fileRef = 9512E90F24888BF8005B6A36 /* SceneDelegate.m */; };
		9512E91624888BF8005B6A36 /* Main.storyboard in Resources */ = {isa = PBXBuildFile; fileRef = 9512E91424888BF8005B6A36 /* Main.storyboard */; };
		9512E91824888BF8005B6A36 /* Assets.xcassets in Resources */ = {isa = PBXBuildFile; fileRef = 9512E91724888BF8005B6A36 /* Assets.xcassets */; };
		9512E91B24888BF8005B6A36 /* LaunchScreen.storyboard in Resources */ = {isa = PBXBuildFile; fileRef = 9512E91924888BF8005B6A36 /* LaunchScreen.storyboard */; };
		9512E91E24888BF8005B6A36 /* main.m in Sources */ = {isa = PBXBuildFile; fileRef = 9512E91D24888BF8005B6A36 /* main.m */; };
		9512E927248890FB005B6A36 /* PhotosCollectionViewController.swift in Sources */ = {isa = PBXBuildFile; fileRef = 9512E926248890FB005B6A36 /* PhotosCollectionViewController.swift */; };
		9512E9292488911B005B6A36 /* PhotoDetailViewController.swift in Sources */ = {isa = PBXBuildFile; fileRef = 9512E9282488911B005B6A36 /* PhotoDetailViewController.swift */; };
		9512E9322488919E005B6A36 /* LSILog.m in Sources */ = {isa = PBXBuildFile; fileRef = 9512E92B2488919E005B6A36 /* LSILog.m */; };
		9512E9332488919E005B6A36 /* LSIErrors.m in Sources */ = {isa = PBXBuildFile; fileRef = 9512E92C2488919E005B6A36 /* LSIErrors.m */; };
		9512E9342488919E005B6A36 /* LSIFileHelper.m in Sources */ = {isa = PBXBuildFile; fileRef = 9512E92D2488919E005B6A36 /* LSIFileHelper.m */; };
		9512E9352488919E005B6A36 /* URL+Secure.swift in Sources */ = {isa = PBXBuildFile; fileRef = 9512E9312488919E005B6A36 /* URL+Secure.swift */; };
		9512E9382488965E005B6A36 /* MarsRover.swift in Sources */ = {isa = PBXBuildFile; fileRef = 9512E9372488965E005B6A36 /* MarsRover.swift */; };
		9512E93B248896A9005B6A36 /* CATMarsPhoto.m in Sources */ = {isa = PBXBuildFile; fileRef = 9512E93A248896A9005B6A36 /* CATMarsPhoto.m */; };
		9512E93E248896C2005B6A36 /* CATSolDescription.m in Sources */ = {isa = PBXBuildFile; fileRef = 9512E93D248896C2005B6A36 /* CATSolDescription.m */; };
		9512E941248896DD005B6A36 /* CATCamera.m in Sources */ = {isa = PBXBuildFile; fileRef = 9512E940248896DD005B6A36 /* CATCamera.m */; };
		9512E944248896F6005B6A36 /* CATCache.m in Sources */ = {isa = PBXBuildFile; fileRef = 9512E943248896F6005B6A36 /* CATCache.m */; };
/* End PBXBuildFile section */

/* Begin PBXFileReference section */
		9512E90824888BF8005B6A36 /* Astronomy.app */ = {isa = PBXFileReference; explicitFileType = wrapper.application; includeInIndex = 0; path = Astronomy.app; sourceTree = BUILT_PRODUCTS_DIR; };
		9512E90B24888BF8005B6A36 /* AppDelegate.h */ = {isa = PBXFileReference; lastKnownFileType = sourcecode.c.h; path = AppDelegate.h; sourceTree = "<group>"; };
		9512E90C24888BF8005B6A36 /* AppDelegate.m */ = {isa = PBXFileReference; lastKnownFileType = sourcecode.c.objc; path = AppDelegate.m; sourceTree = "<group>"; };
		9512E90E24888BF8005B6A36 /* SceneDelegate.h */ = {isa = PBXFileReference; lastKnownFileType = sourcecode.c.h; path = SceneDelegate.h; sourceTree = "<group>"; };
		9512E90F24888BF8005B6A36 /* SceneDelegate.m */ = {isa = PBXFileReference; lastKnownFileType = sourcecode.c.objc; path = SceneDelegate.m; sourceTree = "<group>"; };
		9512E91524888BF8005B6A36 /* Base */ = {isa = PBXFileReference; lastKnownFileType = file.storyboard; name = Base; path = Base.lproj/Main.storyboard; sourceTree = "<group>"; };
		9512E91724888BF8005B6A36 /* Assets.xcassets */ = {isa = PBXFileReference; lastKnownFileType = folder.assetcatalog; path = Assets.xcassets; sourceTree = "<group>"; };
		9512E91A24888BF8005B6A36 /* Base */ = {isa = PBXFileReference; lastKnownFileType = file.storyboard; name = Base; path = Base.lproj/LaunchScreen.storyboard; sourceTree = "<group>"; };
		9512E91C24888BF8005B6A36 /* Info.plist */ = {isa = PBXFileReference; lastKnownFileType = text.plist.xml; path = Info.plist; sourceTree = "<group>"; };
		9512E91D24888BF8005B6A36 /* main.m */ = {isa = PBXFileReference; lastKnownFileType = sourcecode.c.objc; path = main.m; sourceTree = "<group>"; };
		9512E925248890FB005B6A36 /* Astronomy-Bridging-Header.h */ = {isa = PBXFileReference; lastKnownFileType = sourcecode.c.h; path = "Astronomy-Bridging-Header.h"; sourceTree = "<group>"; };
		9512E926248890FB005B6A36 /* PhotosCollectionViewController.swift */ = {isa = PBXFileReference; lastKnownFileType = sourcecode.swift; path = PhotosCollectionViewController.swift; sourceTree = "<group>"; };
		9512E9282488911B005B6A36 /* PhotoDetailViewController.swift */ = {isa = PBXFileReference; lastKnownFileType = sourcecode.swift; path = PhotoDetailViewController.swift; sourceTree = "<group>"; };
		9512E92B2488919E005B6A36 /* LSILog.m */ = {isa = PBXFileReference; fileEncoding = 4; lastKnownFileType = sourcecode.c.objc; path = LSILog.m; sourceTree = "<group>"; };
		9512E92C2488919E005B6A36 /* LSIErrors.m */ = {isa = PBXFileReference; fileEncoding = 4; lastKnownFileType = sourcecode.c.objc; path = LSIErrors.m; sourceTree = "<group>"; };
		9512E92D2488919E005B6A36 /* LSIFileHelper.m */ = {isa = PBXFileReference; fileEncoding = 4; lastKnownFileType = sourcecode.c.objc; path = LSIFileHelper.m; sourceTree = "<group>"; };
		9512E92E2488919E005B6A36 /* LSIFileHelper.h */ = {isa = PBXFileReference; fileEncoding = 4; lastKnownFileType = sourcecode.c.h; path = LSIFileHelper.h; sourceTree = "<group>"; };
		9512E92F2488919E005B6A36 /* LSIErrors.h */ = {isa = PBXFileReference; fileEncoding = 4; lastKnownFileType = sourcecode.c.h; path = LSIErrors.h; sourceTree = "<group>"; };
		9512E9302488919E005B6A36 /* LSILog.h */ = {isa = PBXFileReference; fileEncoding = 4; lastKnownFileType = sourcecode.c.h; path = LSILog.h; sourceTree = "<group>"; };
		9512E9312488919E005B6A36 /* URL+Secure.swift */ = {isa = PBXFileReference; fileEncoding = 4; lastKnownFileType = sourcecode.swift; path = "URL+Secure.swift"; sourceTree = "<group>"; };
		9512E9372488965E005B6A36 /* MarsRover.swift */ = {isa = PBXFileReference; lastKnownFileType = sourcecode.swift; path = MarsRover.swift; sourceTree = "<group>"; };
		9512E939248896A9005B6A36 /* CATMarsPhoto.h */ = {isa = PBXFileReference; lastKnownFileType = sourcecode.c.h; path = CATMarsPhoto.h; sourceTree = "<group>"; };
		9512E93A248896A9005B6A36 /* CATMarsPhoto.m */ = {isa = PBXFileReference; lastKnownFileType = sourcecode.c.objc; path = CATMarsPhoto.m; sourceTree = "<group>"; };
		9512E93C248896C2005B6A36 /* CATSolDescription.h */ = {isa = PBXFileReference; lastKnownFileType = sourcecode.c.h; path = CATSolDescription.h; sourceTree = "<group>"; };
		9512E93D248896C2005B6A36 /* CATSolDescription.m */ = {isa = PBXFileReference; lastKnownFileType = sourcecode.c.objc; path = CATSolDescription.m; sourceTree = "<group>"; };
		9512E93F248896DD005B6A36 /* CATCamera.h */ = {isa = PBXFileReference; lastKnownFileType = sourcecode.c.h; path = CATCamera.h; sourceTree = "<group>"; };
		9512E940248896DD005B6A36 /* CATCamera.m */ = {isa = PBXFileReference; lastKnownFileType = sourcecode.c.objc; path = CATCamera.m; sourceTree = "<group>"; };
		9512E942248896F6005B6A36 /* CATCache.h */ = {isa = PBXFileReference; lastKnownFileType = sourcecode.c.h; path = CATCache.h; sourceTree = "<group>"; };
		9512E943248896F6005B6A36 /* CATCache.m */ = {isa = PBXFileReference; lastKnownFileType = sourcecode.c.objc; path = CATCache.m; sourceTree = "<group>"; };
/* End PBXFileReference section */

/* Begin PBXFrameworksBuildPhase section */
		9512E90524888BF8005B6A36 /* Frameworks */ = {
			isa = PBXFrameworksBuildPhase;
			buildActionMask = 2147483647;
			files = (
			);
			runOnlyForDeploymentPostprocessing = 0;
		};
/* End PBXFrameworksBuildPhase section */

/* Begin PBXGroup section */
		9512E8FF24888BF8005B6A36 = {
			isa = PBXGroup;
			children = (
				9512E90A24888BF8005B6A36 /* Astronomy */,
				9512E90924888BF8005B6A36 /* Products */,
			);
			sourceTree = "<group>";
		};
		9512E90924888BF8005B6A36 /* Products */ = {
			isa = PBXGroup;
			children = (
				9512E90824888BF8005B6A36 /* Astronomy.app */,
			);
			name = Products;
			sourceTree = "<group>";
		};
		9512E90A24888BF8005B6A36 /* Astronomy */ = {
			isa = PBXGroup;
			children = (
				9512E93624889641005B6A36 /* Models */,
				9512E91424888BF8005B6A36 /* Main.storyboard */,
				9512E924248890C8005B6A36 /* View Controllers */,
				9512E90B24888BF8005B6A36 /* AppDelegate.h */,
				9512E90C24888BF8005B6A36 /* AppDelegate.m */,
				9512E90E24888BF8005B6A36 /* SceneDelegate.h */,
				9512E90F24888BF8005B6A36 /* SceneDelegate.m */,
				9512E91724888BF8005B6A36 /* Assets.xcassets */,
				9512E91924888BF8005B6A36 /* LaunchScreen.storyboard */,
				9512E91C24888BF8005B6A36 /* Info.plist */,
				9512E91D24888BF8005B6A36 /* main.m */,
				9512E92A2488919E005B6A36 /* LambdaSDK */,
			);
			path = Astronomy;
			sourceTree = "<group>";
		};
		9512E924248890C8005B6A36 /* View Controllers */ = {
			isa = PBXGroup;
			children = (
				9512E926248890FB005B6A36 /* PhotosCollectionViewController.swift */,
				9512E9282488911B005B6A36 /* PhotoDetailViewController.swift */,
				9512E925248890FB005B6A36 /* Astronomy-Bridging-Header.h */,
			);
			name = "View Controllers";
			sourceTree = "<group>";
		};
		9512E92A2488919E005B6A36 /* LambdaSDK */ = {
			isa = PBXGroup;
			children = (
				9512E92B2488919E005B6A36 /* LSILog.m */,
				9512E92C2488919E005B6A36 /* LSIErrors.m */,
				9512E92D2488919E005B6A36 /* LSIFileHelper.m */,
				9512E92E2488919E005B6A36 /* LSIFileHelper.h */,
				9512E92F2488919E005B6A36 /* LSIErrors.h */,
				9512E9302488919E005B6A36 /* LSILog.h */,
				9512E9312488919E005B6A36 /* URL+Secure.swift */,
			);
			name = LambdaSDK;
			path = ../../LambdaSDK;
			sourceTree = "<group>";
		};
		9512E93624889641005B6A36 /* Models */ = {
			isa = PBXGroup;
			children = (
				9512E9372488965E005B6A36 /* MarsRover.swift */,
				9512E939248896A9005B6A36 /* CATMarsPhoto.h */,
				9512E93A248896A9005B6A36 /* CATMarsPhoto.m */,
				9512E93C248896C2005B6A36 /* CATSolDescription.h */,
				9512E93D248896C2005B6A36 /* CATSolDescription.m */,
				9512E93F248896DD005B6A36 /* CATCamera.h */,
				9512E940248896DD005B6A36 /* CATCamera.m */,
				9512E942248896F6005B6A36 /* CATCache.h */,
				9512E943248896F6005B6A36 /* CATCache.m */,
			);
			name = Models;
			sourceTree = "<group>";
		};
/* End PBXGroup section */

/* Begin PBXNativeTarget section */
		9512E90724888BF8005B6A36 /* Astronomy */ = {
			isa = PBXNativeTarget;
			buildConfigurationList = 9512E92124888BF8005B6A36 /* Build configuration list for PBXNativeTarget "Astronomy" */;
			buildPhases = (
				9512E90424888BF8005B6A36 /* Sources */,
				9512E90524888BF8005B6A36 /* Frameworks */,
				9512E90624888BF8005B6A36 /* Resources */,
			);
			buildRules = (
			);
			dependencies = (
			);
			name = Astronomy;
			productName = Astronomy;
			productReference = 9512E90824888BF8005B6A36 /* Astronomy.app */;
			productType = "com.apple.product-type.application";
		};
/* End PBXNativeTarget section */

/* Begin PBXProject section */
		9512E90024888BF8005B6A36 /* Project object */ = {
			isa = PBXProject;
			attributes = {
				LastUpgradeCheck = 1150;
				ORGANIZATIONNAME = "Jessie Griffin";
				TargetAttributes = {
					9512E90724888BF8005B6A36 = {
						CreatedOnToolsVersion = 11.5;
						LastSwiftMigration = 1150;
					};
				};
			};
			buildConfigurationList = 9512E90324888BF8005B6A36 /* Build configuration list for PBXProject "Astronomy" */;
			compatibilityVersion = "Xcode 9.3";
			developmentRegion = en;
			hasScannedForEncodings = 0;
			knownRegions = (
				en,
				Base,
			);
			mainGroup = 9512E8FF24888BF8005B6A36;
			productRefGroup = 9512E90924888BF8005B6A36 /* Products */;
			projectDirPath = "";
			projectRoot = "";
			targets = (
				9512E90724888BF8005B6A36 /* Astronomy */,
			);
		};
/* End PBXProject section */

/* Begin PBXResourcesBuildPhase section */
		9512E90624888BF8005B6A36 /* Resources */ = {
			isa = PBXResourcesBuildPhase;
			buildActionMask = 2147483647;
			files = (
				9512E91B24888BF8005B6A36 /* LaunchScreen.storyboard in Resources */,
				9512E91824888BF8005B6A36 /* Assets.xcassets in Resources */,
				9512E91624888BF8005B6A36 /* Main.storyboard in Resources */,
			);
			runOnlyForDeploymentPostprocessing = 0;
		};
/* End PBXResourcesBuildPhase section */

/* Begin PBXSourcesBuildPhase section */
		9512E90424888BF8005B6A36 /* Sources */ = {
			isa = PBXSourcesBuildPhase;
			buildActionMask = 2147483647;
			files = (
				9512E90D24888BF8005B6A36 /* AppDelegate.m in Sources */,
				9512E9382488965E005B6A36 /* MarsRover.swift in Sources */,
				9512E93B248896A9005B6A36 /* CATMarsPhoto.m in Sources */,
				9512E9322488919E005B6A36 /* LSILog.m in Sources */,
				9512E93E248896C2005B6A36 /* CATSolDescription.m in Sources */,
				9512E9342488919E005B6A36 /* LSIFileHelper.m in Sources */,
				9512E9352488919E005B6A36 /* URL+Secure.swift in Sources */,
				9512E944248896F6005B6A36 /* CATCache.m in Sources */,
				9512E91E24888BF8005B6A36 /* main.m in Sources */,
				9512E9332488919E005B6A36 /* LSIErrors.m in Sources */,
				9512E91024888BF8005B6A36 /* SceneDelegate.m in Sources */,
				9512E941248896DD005B6A36 /* CATCamera.m in Sources */,
				9512E9292488911B005B6A36 /* PhotoDetailViewController.swift in Sources */,
				9512E927248890FB005B6A36 /* PhotosCollectionViewController.swift in Sources */,
			);
			runOnlyForDeploymentPostprocessing = 0;
		};
/* End PBXSourcesBuildPhase section */

/* Begin PBXVariantGroup section */
		9512E91424888BF8005B6A36 /* Main.storyboard */ = {
			isa = PBXVariantGroup;
			children = (
				9512E91524888BF8005B6A36 /* Base */,
			);
			name = Main.storyboard;
			sourceTree = "<group>";
		};
		9512E91924888BF8005B6A36 /* LaunchScreen.storyboard */ = {
			isa = PBXVariantGroup;
			children = (
				9512E91A24888BF8005B6A36 /* Base */,
			);
			name = LaunchScreen.storyboard;
			sourceTree = "<group>";
		};
/* End PBXVariantGroup section */

/* Begin XCBuildConfiguration section */
		9512E91F24888BF8005B6A36 /* Debug */ = {
			isa = XCBuildConfiguration;
			buildSettings = {
				ALWAYS_SEARCH_USER_PATHS = NO;
				CLANG_ANALYZER_NONNULL = YES;
				CLANG_ANALYZER_NUMBER_OBJECT_CONVERSION = YES_AGGRESSIVE;
				CLANG_CXX_LANGUAGE_STANDARD = "gnu++14";
				CLANG_CXX_LIBRARY = "libc++";
				CLANG_ENABLE_MODULES = YES;
				CLANG_ENABLE_OBJC_ARC = YES;
				CLANG_ENABLE_OBJC_WEAK = YES;
				CLANG_WARN_BLOCK_CAPTURE_AUTORELEASING = YES;
				CLANG_WARN_BOOL_CONVERSION = YES;
				CLANG_WARN_COMMA = YES;
				CLANG_WARN_CONSTANT_CONVERSION = YES;
				CLANG_WARN_DEPRECATED_OBJC_IMPLEMENTATIONS = YES;
				CLANG_WARN_DIRECT_OBJC_ISA_USAGE = YES_ERROR;
				CLANG_WARN_DOCUMENTATION_COMMENTS = YES;
				CLANG_WARN_EMPTY_BODY = YES;
				CLANG_WARN_ENUM_CONVERSION = YES;
				CLANG_WARN_INFINITE_RECURSION = YES;
				CLANG_WARN_INT_CONVERSION = YES;
				CLANG_WARN_NON_LITERAL_NULL_CONVERSION = YES;
				CLANG_WARN_OBJC_IMPLICIT_RETAIN_SELF = YES;
				CLANG_WARN_OBJC_LITERAL_CONVERSION = YES;
				CLANG_WARN_OBJC_ROOT_CLASS = YES_ERROR;
				CLANG_WARN_RANGE_LOOP_ANALYSIS = YES;
				CLANG_WARN_STRICT_PROTOTYPES = YES;
				CLANG_WARN_SUSPICIOUS_MOVE = YES;
				CLANG_WARN_UNGUARDED_AVAILABILITY = YES_AGGRESSIVE;
				CLANG_WARN_UNREACHABLE_CODE = YES;
				CLANG_WARN__DUPLICATE_METHOD_MATCH = YES;
				COPY_PHASE_STRIP = NO;
				DEBUG_INFORMATION_FORMAT = dwarf;
				ENABLE_STRICT_OBJC_MSGSEND = YES;
				ENABLE_TESTABILITY = YES;
				GCC_C_LANGUAGE_STANDARD = gnu11;
				GCC_DYNAMIC_NO_PIC = NO;
				GCC_NO_COMMON_BLOCKS = YES;
				GCC_OPTIMIZATION_LEVEL = 0;
				GCC_PREPROCESSOR_DEFINITIONS = (
					"DEBUG=1",
					"$(inherited)",
				);
				GCC_WARN_64_TO_32_BIT_CONVERSION = YES;
				GCC_WARN_ABOUT_RETURN_TYPE = YES_ERROR;
				GCC_WARN_UNDECLARED_SELECTOR = YES;
				GCC_WARN_UNINITIALIZED_AUTOS = YES_AGGRESSIVE;
				GCC_WARN_UNUSED_FUNCTION = YES;
				GCC_WARN_UNUSED_VARIABLE = YES;
				IPHONEOS_DEPLOYMENT_TARGET = 13.5;
				MTL_ENABLE_DEBUG_INFO = INCLUDE_SOURCE;
				MTL_FAST_MATH = YES;
				ONLY_ACTIVE_ARCH = YES;
				SDKROOT = iphoneos;
			};
			name = Debug;
		};
		9512E92024888BF8005B6A36 /* Release */ = {
			isa = XCBuildConfiguration;
			buildSettings = {
				ALWAYS_SEARCH_USER_PATHS = NO;
				CLANG_ANALYZER_NONNULL = YES;
				CLANG_ANALYZER_NUMBER_OBJECT_CONVERSION = YES_AGGRESSIVE;
				CLANG_CXX_LANGUAGE_STANDARD = "gnu++14";
				CLANG_CXX_LIBRARY = "libc++";
				CLANG_ENABLE_MODULES = YES;
				CLANG_ENABLE_OBJC_ARC = YES;
				CLANG_ENABLE_OBJC_WEAK = YES;
				CLANG_WARN_BLOCK_CAPTURE_AUTORELEASING = YES;
				CLANG_WARN_BOOL_CONVERSION = YES;
				CLANG_WARN_COMMA = YES;
				CLANG_WARN_CONSTANT_CONVERSION = YES;
				CLANG_WARN_DEPRECATED_OBJC_IMPLEMENTATIONS = YES;
				CLANG_WARN_DIRECT_OBJC_ISA_USAGE = YES_ERROR;
				CLANG_WARN_DOCUMENTATION_COMMENTS = YES;
				CLANG_WARN_EMPTY_BODY = YES;
				CLANG_WARN_ENUM_CONVERSION = YES;
				CLANG_WARN_INFINITE_RECURSION = YES;
				CLANG_WARN_INT_CONVERSION = YES;
				CLANG_WARN_NON_LITERAL_NULL_CONVERSION = YES;
				CLANG_WARN_OBJC_IMPLICIT_RETAIN_SELF = YES;
				CLANG_WARN_OBJC_LITERAL_CONVERSION = YES;
				CLANG_WARN_OBJC_ROOT_CLASS = YES_ERROR;
				CLANG_WARN_RANGE_LOOP_ANALYSIS = YES;
				CLANG_WARN_STRICT_PROTOTYPES = YES;
				CLANG_WARN_SUSPICIOUS_MOVE = YES;
				CLANG_WARN_UNGUARDED_AVAILABILITY = YES_AGGRESSIVE;
				CLANG_WARN_UNREACHABLE_CODE = YES;
				CLANG_WARN__DUPLICATE_METHOD_MATCH = YES;
				COPY_PHASE_STRIP = NO;
				DEBUG_INFORMATION_FORMAT = "dwarf-with-dsym";
				ENABLE_NS_ASSERTIONS = NO;
				ENABLE_STRICT_OBJC_MSGSEND = YES;
				GCC_C_LANGUAGE_STANDARD = gnu11;
				GCC_NO_COMMON_BLOCKS = YES;
				GCC_WARN_64_TO_32_BIT_CONVERSION = YES;
				GCC_WARN_ABOUT_RETURN_TYPE = YES_ERROR;
				GCC_WARN_UNDECLARED_SELECTOR = YES;
				GCC_WARN_UNINITIALIZED_AUTOS = YES_AGGRESSIVE;
				GCC_WARN_UNUSED_FUNCTION = YES;
				GCC_WARN_UNUSED_VARIABLE = YES;
				IPHONEOS_DEPLOYMENT_TARGET = 13.5;
				MTL_ENABLE_DEBUG_INFO = NO;
				MTL_FAST_MATH = YES;
				SDKROOT = iphoneos;
				VALIDATE_PRODUCT = YES;
			};
			name = Release;
		};
		9512E92224888BF8005B6A36 /* Debug */ = {
			isa = XCBuildConfiguration;
			buildSettings = {
				ASSETCATALOG_COMPILER_APPICON_NAME = AppIcon;
				CLANG_ENABLE_MODULES = YES;
				CODE_SIGN_STYLE = Automatic;
				DEVELOPMENT_TEAM = PV8C8697QD;
				INFOPLIST_FILE = Astronomy/Info.plist;
				LD_RUNPATH_SEARCH_PATHS = (
					"$(inherited)",
					"@executable_path/Frameworks",
				);
				PRODUCT_BUNDLE_IDENTIFIER = com.jessiegriffin.Astronomy;
				PRODUCT_NAME = "$(TARGET_NAME)";
				SWIFT_OBJC_BRIDGING_HEADER = "Astronomy/Astronomy-Bridging-Header.h";
				SWIFT_OPTIMIZATION_LEVEL = "-Onone";
				SWIFT_VERSION = 5.0;
				TARGETED_DEVICE_FAMILY = "1,2";
			};
			name = Debug;
		};
		9512E92324888BF8005B6A36 /* Release */ = {
			isa = XCBuildConfiguration;
			buildSettings = {
				ASSETCATALOG_COMPILER_APPICON_NAME = AppIcon;
				CLANG_ENABLE_MODULES = YES;
				CODE_SIGN_STYLE = Automatic;
				DEVELOPMENT_TEAM = PV8C8697QD;
				INFOPLIST_FILE = Astronomy/Info.plist;
				LD_RUNPATH_SEARCH_PATHS = (
					"$(inherited)",
					"@executable_path/Frameworks",
				);
				PRODUCT_BUNDLE_IDENTIFIER = com.jessiegriffin.Astronomy;
				PRODUCT_NAME = "$(TARGET_NAME)";
				SWIFT_OBJC_BRIDGING_HEADER = "Astronomy/Astronomy-Bridging-Header.h";
				SWIFT_VERSION = 5.0;
				TARGETED_DEVICE_FAMILY = "1,2";
			};
			name = Release;
		};
/* End XCBuildConfiguration section */

/* Begin XCConfigurationList section */
		9512E90324888BF8005B6A36 /* Build configuration list for PBXProject "Astronomy" */ = {
			isa = XCConfigurationList;
			buildConfigurations = (
				9512E91F24888BF8005B6A36 /* Debug */,
				9512E92024888BF8005B6A36 /* Release */,
			);
			defaultConfigurationIsVisible = 0;
			defaultConfigurationName = Release;
		};
		9512E92124888BF8005B6A36 /* Build configuration list for PBXNativeTarget "Astronomy" */ = {
			isa = XCConfigurationList;
			buildConfigurations = (
				9512E92224888BF8005B6A36 /* Debug */,
				9512E92324888BF8005B6A36 /* Release */,
			);
			defaultConfigurationIsVisible = 0;
			defaultConfigurationName = Release;
		};
/* End XCConfigurationList section */
	};
	rootObject = 9512E90024888BF8005B6A36 /* Project object */;
}
