// !$*UTF8*$!
{
	archiveVersion = 1;
	classes = {
	};
	objectVersion = 50;
	objects = {

/* Begin PBXBuildFile section */
		63F3C716248758AF00344B64 /* AppDelegate.m in Sources */ = {isa = PBXBuildFile; fileRef = 63F3C715248758AF00344B64 /* AppDelegate.m */; };
		63F3C719248758AF00344B64 /* SceneDelegate.m in Sources */ = {isa = PBXBuildFile; fileRef = 63F3C718248758AF00344B64 /* SceneDelegate.m */; };
		63F3C71F248758AF00344B64 /* Main.storyboard in Resources */ = {isa = PBXBuildFile; fileRef = 63F3C71D248758AF00344B64 /* Main.storyboard */; };
		63F3C721248758B000344B64 /* Assets.xcassets in Resources */ = {isa = PBXBuildFile; fileRef = 63F3C720248758B000344B64 /* Assets.xcassets */; };
		63F3C724248758B000344B64 /* LaunchScreen.storyboard in Resources */ = {isa = PBXBuildFile; fileRef = 63F3C722248758B000344B64 /* LaunchScreen.storyboard */; };
		63F3C727248758B000344B64 /* main.m in Sources */ = {isa = PBXBuildFile; fileRef = 63F3C726248758B000344B64 /* main.m */; };
		63F3C73B24875B9D00344B64 /* LSILog.m in Sources */ = {isa = PBXBuildFile; fileRef = 63F3C73424875B9D00344B64 /* LSILog.m */; };
		63F3C73C24875B9D00344B64 /* LSIErrors.m in Sources */ = {isa = PBXBuildFile; fileRef = 63F3C73524875B9D00344B64 /* LSIErrors.m */; };
		63F3C73D24875B9D00344B64 /* LSIFileHelper.m in Sources */ = {isa = PBXBuildFile; fileRef = 63F3C73624875B9D00344B64 /* LSIFileHelper.m */; };
		63F3C73E24875B9D00344B64 /* URL+Secure.swift in Sources */ = {isa = PBXBuildFile; fileRef = 63F3C73A24875B9D00344B64 /* URL+Secure.swift */; };
/* End PBXBuildFile section */

/* Begin PBXFileReference section */
		63F3C711248758AF00344B64 /* Astronomy.app */ = {isa = PBXFileReference; explicitFileType = wrapper.application; includeInIndex = 0; path = Astronomy.app; sourceTree = BUILT_PRODUCTS_DIR; };
		63F3C714248758AF00344B64 /* AppDelegate.h */ = {isa = PBXFileReference; lastKnownFileType = sourcecode.c.h; path = AppDelegate.h; sourceTree = "<group>"; };
		63F3C715248758AF00344B64 /* AppDelegate.m */ = {isa = PBXFileReference; lastKnownFileType = sourcecode.c.objc; path = AppDelegate.m; sourceTree = "<group>"; };
		63F3C717248758AF00344B64 /* SceneDelegate.h */ = {isa = PBXFileReference; lastKnownFileType = sourcecode.c.h; path = SceneDelegate.h; sourceTree = "<group>"; };
		63F3C718248758AF00344B64 /* SceneDelegate.m */ = {isa = PBXFileReference; lastKnownFileType = sourcecode.c.objc; path = SceneDelegate.m; sourceTree = "<group>"; };
		63F3C71E248758AF00344B64 /* Base */ = {isa = PBXFileReference; lastKnownFileType = file.storyboard; name = Base; path = Base.lproj/Main.storyboard; sourceTree = "<group>"; };
		63F3C720248758B000344B64 /* Assets.xcassets */ = {isa = PBXFileReference; lastKnownFileType = folder.assetcatalog; path = Assets.xcassets; sourceTree = "<group>"; };
		63F3C723248758B000344B64 /* Base */ = {isa = PBXFileReference; lastKnownFileType = file.storyboard; name = Base; path = Base.lproj/LaunchScreen.storyboard; sourceTree = "<group>"; };
		63F3C725248758B000344B64 /* Info.plist */ = {isa = PBXFileReference; lastKnownFileType = text.plist.xml; path = Info.plist; sourceTree = "<group>"; };
		63F3C726248758B000344B64 /* main.m */ = {isa = PBXFileReference; lastKnownFileType = sourcecode.c.objc; path = main.m; sourceTree = "<group>"; };
		63F3C73424875B9D00344B64 /* LSILog.m */ = {isa = PBXFileReference; fileEncoding = 4; lastKnownFileType = sourcecode.c.objc; path = LSILog.m; sourceTree = "<group>"; };
		63F3C73524875B9D00344B64 /* LSIErrors.m */ = {isa = PBXFileReference; fileEncoding = 4; lastKnownFileType = sourcecode.c.objc; path = LSIErrors.m; sourceTree = "<group>"; };
		63F3C73624875B9D00344B64 /* LSIFileHelper.m */ = {isa = PBXFileReference; fileEncoding = 4; lastKnownFileType = sourcecode.c.objc; path = LSIFileHelper.m; sourceTree = "<group>"; };
		63F3C73724875B9D00344B64 /* LSIFileHelper.h */ = {isa = PBXFileReference; fileEncoding = 4; lastKnownFileType = sourcecode.c.h; path = LSIFileHelper.h; sourceTree = "<group>"; };
		63F3C73824875B9D00344B64 /* LSIErrors.h */ = {isa = PBXFileReference; fileEncoding = 4; lastKnownFileType = sourcecode.c.h; path = LSIErrors.h; sourceTree = "<group>"; };
		63F3C73924875B9D00344B64 /* LSILog.h */ = {isa = PBXFileReference; fileEncoding = 4; lastKnownFileType = sourcecode.c.h; path = LSILog.h; sourceTree = "<group>"; };
		63F3C73A24875B9D00344B64 /* URL+Secure.swift */ = {isa = PBXFileReference; fileEncoding = 4; lastKnownFileType = sourcecode.swift; path = "URL+Secure.swift"; sourceTree = "<group>"; };
/* End PBXFileReference section */

/* Begin PBXFrameworksBuildPhase section */
		63F3C70E248758AF00344B64 /* Frameworks */ = {
			isa = PBXFrameworksBuildPhase;
			buildActionMask = 2147483647;
			files = (
			);
			runOnlyForDeploymentPostprocessing = 0;
		};
/* End PBXFrameworksBuildPhase section */

/* Begin PBXGroup section */
		63F3C708248758AF00344B64 = {
			isa = PBXGroup;
			children = (
				63F3C713248758AF00344B64 /* Astronomy */,
				63F3C712248758AF00344B64 /* Products */,
			);
			sourceTree = "<group>";
		};
		63F3C712248758AF00344B64 /* Products */ = {
			isa = PBXGroup;
			children = (
				63F3C711248758AF00344B64 /* Astronomy.app */,
			);
			name = Products;
			sourceTree = "<group>";
		};
		63F3C713248758AF00344B64 /* Astronomy */ = {
			isa = PBXGroup;
			children = (
				63F3C73224875A2D00344B64 /* Models */,
				63F3C73024875A1300344B64 /* Model Controllers */,
				63F3C73124875A1E00344B64 /* Views */,
				63F3C72F24875A0100344B64 /* View Controllers */,
				63F3C7402487677700344B64 /* Networking */,
				63F3C72E248759DE00344B64 /* Storyboards */,
				63F3C73324875B9D00344B64 /* LambdaSDK */,
				63F3C72D2487594B00344B64 /* Resources */,
			);
			path = Astronomy;
			sourceTree = "<group>";
		};
		63F3C72D2487594B00344B64 /* Resources */ = {
			isa = PBXGroup;
			children = (
				63F3C714248758AF00344B64 /* AppDelegate.h */,
				63F3C715248758AF00344B64 /* AppDelegate.m */,
				63F3C717248758AF00344B64 /* SceneDelegate.h */,
				63F3C718248758AF00344B64 /* SceneDelegate.m */,
				63F3C720248758B000344B64 /* Assets.xcassets */,
				63F3C725248758B000344B64 /* Info.plist */,
				63F3C726248758B000344B64 /* main.m */,
			);
			path = Resources;
			sourceTree = "<group>";
		};
		63F3C72E248759DE00344B64 /* Storyboards */ = {
			isa = PBXGroup;
			children = (
				63F3C71D248758AF00344B64 /* Main.storyboard */,
				63F3C722248758B000344B64 /* LaunchScreen.storyboard */,
			);
			path = Storyboards;
			sourceTree = "<group>";
		};
		63F3C72F24875A0100344B64 /* View Controllers */ = {
			isa = PBXGroup;
			children = (
			);
			path = "View Controllers";
			sourceTree = "<group>";
		};
		63F3C73024875A1300344B64 /* Model Controllers */ = {
			isa = PBXGroup;
			children = (
			);
			path = "Model Controllers";
			sourceTree = "<group>";
		};
		63F3C73124875A1E00344B64 /* Views */ = {
			isa = PBXGroup;
			children = (
			);
			path = Views;
			sourceTree = "<group>";
		};
		63F3C73224875A2D00344B64 /* Models */ = {
			isa = PBXGroup;
			children = (
			);
			path = Models;
			sourceTree = "<group>";
		};
		63F3C73324875B9D00344B64 /* LambdaSDK */ = {
			isa = PBXGroup;
			children = (
				63F3C73424875B9D00344B64 /* LSILog.m */,
				63F3C73524875B9D00344B64 /* LSIErrors.m */,
				63F3C73624875B9D00344B64 /* LSIFileHelper.m */,
				63F3C73724875B9D00344B64 /* LSIFileHelper.h */,
				63F3C73824875B9D00344B64 /* LSIErrors.h */,
				63F3C73924875B9D00344B64 /* LSILog.h */,
				63F3C73A24875B9D00344B64 /* URL+Secure.swift */,
			);
			name = LambdaSDK;
			path = ../../LambdaSDK;
			sourceTree = "<group>";
		};
		63F3C7402487677700344B64 /* Networking */ = {
			isa = PBXGroup;
			children = (
			);
			path = Networking;
			sourceTree = "<group>";
		};
/* End PBXGroup section */

/* Begin PBXNativeTarget section */
		63F3C710248758AF00344B64 /* Astronomy */ = {
			isa = PBXNativeTarget;
			buildConfigurationList = 63F3C72A248758B000344B64 /* Build configuration list for PBXNativeTarget "Astronomy" */;
			buildPhases = (
				63F3C70D248758AF00344B64 /* Sources */,
				63F3C70E248758AF00344B64 /* Frameworks */,
				63F3C70F248758AF00344B64 /* Resources */,
			);
			buildRules = (
			);
			dependencies = (
			);
			name = Astronomy;
			productName = Astronomy;
			productReference = 63F3C711248758AF00344B64 /* Astronomy.app */;
			productType = "com.apple.product-type.application";
		};
/* End PBXNativeTarget section */

/* Begin PBXProject section */
		63F3C709248758AF00344B64 /* Project object */ = {
			isa = PBXProject;
			attributes = {
				CLASSPREFIX = LSI;
				LastUpgradeCheck = 1150;
				ORGANIZATIONNAME = "David Wright";
				TargetAttributes = {
					63F3C710248758AF00344B64 = {
						CreatedOnToolsVersion = 11.5;
					};
				};
			};
			buildConfigurationList = 63F3C70C248758AF00344B64 /* Build configuration list for PBXProject "Astronomy" */;
			compatibilityVersion = "Xcode 9.3";
			developmentRegion = en;
			hasScannedForEncodings = 0;
			knownRegions = (
				en,
				Base,
			);
			mainGroup = 63F3C708248758AF00344B64;
			productRefGroup = 63F3C712248758AF00344B64 /* Products */;
			projectDirPath = "";
			projectRoot = "";
			targets = (
				63F3C710248758AF00344B64 /* Astronomy */,
			);
		};
/* End PBXProject section */

/* Begin PBXResourcesBuildPhase section */
		63F3C70F248758AF00344B64 /* Resources */ = {
			isa = PBXResourcesBuildPhase;
			buildActionMask = 2147483647;
			files = (
				63F3C724248758B000344B64 /* LaunchScreen.storyboard in Resources */,
				63F3C721248758B000344B64 /* Assets.xcassets in Resources */,
				63F3C71F248758AF00344B64 /* Main.storyboard in Resources */,
			);
			runOnlyForDeploymentPostprocessing = 0;
		};
/* End PBXResourcesBuildPhase section */

/* Begin PBXSourcesBuildPhase section */
		63F3C70D248758AF00344B64 /* Sources */ = {
			isa = PBXSourcesBuildPhase;
			buildActionMask = 2147483647;
			files = (
				63F3C73D24875B9D00344B64 /* LSIFileHelper.m in Sources */,
				63F3C716248758AF00344B64 /* AppDelegate.m in Sources */,
				63F3C73B24875B9D00344B64 /* LSILog.m in Sources */,
				63F3C727248758B000344B64 /* main.m in Sources */,
				63F3C73E24875B9D00344B64 /* URL+Secure.swift in Sources */,
				63F3C73C24875B9D00344B64 /* LSIErrors.m in Sources */,
				63F3C719248758AF00344B64 /* SceneDelegate.m in Sources */,
			);
			runOnlyForDeploymentPostprocessing = 0;
		};
/* End PBXSourcesBuildPhase section */

/* Begin PBXVariantGroup section */
		63F3C71D248758AF00344B64 /* Main.storyboard */ = {
			isa = PBXVariantGroup;
			children = (
				63F3C71E248758AF00344B64 /* Base */,
			);
			name = Main.storyboard;
			sourceTree = "<group>";
		};
		63F3C722248758B000344B64 /* LaunchScreen.storyboard */ = {
			isa = PBXVariantGroup;
			children = (
				63F3C723248758B000344B64 /* Base */,
			);
			name = LaunchScreen.storyboard;
			sourceTree = "<group>";
		};
/* End PBXVariantGroup section */

/* Begin XCBuildConfiguration section */
		63F3C728248758B000344B64 /* Debug */ = {
			isa = XCBuildConfiguration;
			buildSettings = {
				ALWAYS_SEARCH_USER_PATHS = NO;
				CLANG_ANALYZER_NONNULL = YES;
				CLANG_ANALYZER_NUMBER_OBJECT_CONVERSION = YES_AGGRESSIVE;
				CLANG_CXX_LANGUAGE_STANDARD = "gnu++14";
				CLANG_CXX_LIBRARY = "libc++";
				CLANG_ENABLE_MODULES = YES;
				CLANG_ENABLE_OBJC_ARC = YES;
				CLANG_ENABLE_OBJC_WEAK = YES;
				CLANG_WARN_BLOCK_CAPTURE_AUTORELEASING = YES;
				CLANG_WARN_BOOL_CONVERSION = YES;
				CLANG_WARN_COMMA = YES;
				CLANG_WARN_CONSTANT_CONVERSION = YES;
				CLANG_WARN_DEPRECATED_OBJC_IMPLEMENTATIONS = YES;
				CLANG_WARN_DIRECT_OBJC_ISA_USAGE = YES_ERROR;
				CLANG_WARN_DOCUMENTATION_COMMENTS = YES;
				CLANG_WARN_EMPTY_BODY = YES;
				CLANG_WARN_ENUM_CONVERSION = YES;
				CLANG_WARN_INFINITE_RECURSION = YES;
				CLANG_WARN_INT_CONVERSION = YES;
				CLANG_WARN_NON_LITERAL_NULL_CONVERSION = YES;
				CLANG_WARN_OBJC_IMPLICIT_RETAIN_SELF = YES;
				CLANG_WARN_OBJC_LITERAL_CONVERSION = YES;
				CLANG_WARN_OBJC_ROOT_CLASS = YES_ERROR;
				CLANG_WARN_RANGE_LOOP_ANALYSIS = YES;
				CLANG_WARN_STRICT_PROTOTYPES = YES;
				CLANG_WARN_SUSPICIOUS_MOVE = YES;
				CLANG_WARN_UNGUARDED_AVAILABILITY = YES_AGGRESSIVE;
				CLANG_WARN_UNREACHABLE_CODE = YES;
				CLANG_WARN__DUPLICATE_METHOD_MATCH = YES;
				COPY_PHASE_STRIP = NO;
				DEBUG_INFORMATION_FORMAT = dwarf;
				ENABLE_STRICT_OBJC_MSGSEND = YES;
				ENABLE_TESTABILITY = YES;
				GCC_C_LANGUAGE_STANDARD = gnu11;
				GCC_DYNAMIC_NO_PIC = NO;
				GCC_NO_COMMON_BLOCKS = YES;
				GCC_OPTIMIZATION_LEVEL = 0;
				GCC_PREPROCESSOR_DEFINITIONS = (
					"DEBUG=1",
					"$(inherited)",
				);
				GCC_WARN_64_TO_32_BIT_CONVERSION = YES;
				GCC_WARN_ABOUT_RETURN_TYPE = YES_ERROR;
				GCC_WARN_UNDECLARED_SELECTOR = YES;
				GCC_WARN_UNINITIALIZED_AUTOS = YES_AGGRESSIVE;
				GCC_WARN_UNUSED_FUNCTION = YES;
				GCC_WARN_UNUSED_VARIABLE = YES;
				IPHONEOS_DEPLOYMENT_TARGET = 13.5;
				MTL_ENABLE_DEBUG_INFO = INCLUDE_SOURCE;
				MTL_FAST_MATH = YES;
				ONLY_ACTIVE_ARCH = YES;
				SDKROOT = iphoneos;
			};
			name = Debug;
		};
		63F3C729248758B000344B64 /* Release */ = {
			isa = XCBuildConfiguration;
			buildSettings = {
				ALWAYS_SEARCH_USER_PATHS = NO;
				CLANG_ANALYZER_NONNULL = YES;
				CLANG_ANALYZER_NUMBER_OBJECT_CONVERSION = YES_AGGRESSIVE;
				CLANG_CXX_LANGUAGE_STANDARD = "gnu++14";
				CLANG_CXX_LIBRARY = "libc++";
				CLANG_ENABLE_MODULES = YES;
				CLANG_ENABLE_OBJC_ARC = YES;
				CLANG_ENABLE_OBJC_WEAK = YES;
				CLANG_WARN_BLOCK_CAPTURE_AUTORELEASING = YES;
				CLANG_WARN_BOOL_CONVERSION = YES;
				CLANG_WARN_COMMA = YES;
				CLANG_WARN_CONSTANT_CONVERSION = YES;
				CLANG_WARN_DEPRECATED_OBJC_IMPLEMENTATIONS = YES;
				CLANG_WARN_DIRECT_OBJC_ISA_USAGE = YES_ERROR;
				CLANG_WARN_DOCUMENTATION_COMMENTS = YES;
				CLANG_WARN_EMPTY_BODY = YES;
				CLANG_WARN_ENUM_CONVERSION = YES;
				CLANG_WARN_INFINITE_RECURSION = YES;
				CLANG_WARN_INT_CONVERSION = YES;
				CLANG_WARN_NON_LITERAL_NULL_CONVERSION = YES;
				CLANG_WARN_OBJC_IMPLICIT_RETAIN_SELF = YES;
				CLANG_WARN_OBJC_LITERAL_CONVERSION = YES;
				CLANG_WARN_OBJC_ROOT_CLASS = YES_ERROR;
				CLANG_WARN_RANGE_LOOP_ANALYSIS = YES;
				CLANG_WARN_STRICT_PROTOTYPES = YES;
				CLANG_WARN_SUSPICIOUS_MOVE = YES;
				CLANG_WARN_UNGUARDED_AVAILABILITY = YES_AGGRESSIVE;
				CLANG_WARN_UNREACHABLE_CODE = YES;
				CLANG_WARN__DUPLICATE_METHOD_MATCH = YES;
				COPY_PHASE_STRIP = NO;
				DEBUG_INFORMATION_FORMAT = "dwarf-with-dsym";
				ENABLE_NS_ASSERTIONS = NO;
				ENABLE_STRICT_OBJC_MSGSEND = YES;
				GCC_C_LANGUAGE_STANDARD = gnu11;
				GCC_NO_COMMON_BLOCKS = YES;
				GCC_WARN_64_TO_32_BIT_CONVERSION = YES;
				GCC_WARN_ABOUT_RETURN_TYPE = YES_ERROR;
				GCC_WARN_UNDECLARED_SELECTOR = YES;
				GCC_WARN_UNINITIALIZED_AUTOS = YES_AGGRESSIVE;
				GCC_WARN_UNUSED_FUNCTION = YES;
				GCC_WARN_UNUSED_VARIABLE = YES;
				IPHONEOS_DEPLOYMENT_TARGET = 13.5;
				MTL_ENABLE_DEBUG_INFO = NO;
				MTL_FAST_MATH = YES;
				SDKROOT = iphoneos;
				VALIDATE_PRODUCT = YES;
			};
			name = Release;
		};
		63F3C72B248758B000344B64 /* Debug */ = {
			isa = XCBuildConfiguration;
			buildSettings = {
				ASSETCATALOG_COMPILER_APPICON_NAME = AppIcon;
				CODE_SIGN_STYLE = Automatic;
				DEVELOPMENT_TEAM = 3BQB6FYF6S;
				INFOPLIST_FILE = "$(SRCROOT)/Astronomy/Resources/Info.plist";
				LD_RUNPATH_SEARCH_PATHS = (
					"$(inherited)",
					"@executable_path/Frameworks",
				);
				PRODUCT_BUNDLE_IDENTIFIER = com.lambda.davidwright.Astronomy;
				PRODUCT_NAME = "$(TARGET_NAME)";
				SWIFT_VERSION = 5.0;
				TARGETED_DEVICE_FAMILY = "1,2";
			};
			name = Debug;
		};
		63F3C72C248758B000344B64 /* Release */ = {
			isa = XCBuildConfiguration;
			buildSettings = {
				ASSETCATALOG_COMPILER_APPICON_NAME = AppIcon;
				CODE_SIGN_STYLE = Automatic;
				DEVELOPMENT_TEAM = 3BQB6FYF6S;
				INFOPLIST_FILE = "$(SRCROOT)/Astronomy/Resources/Info.plist";
				LD_RUNPATH_SEARCH_PATHS = (
					"$(inherited)",
					"@executable_path/Frameworks",
				);
				PRODUCT_BUNDLE_IDENTIFIER = com.lambda.davidwright.Astronomy;
				PRODUCT_NAME = "$(TARGET_NAME)";
				SWIFT_VERSION = 5.0;
				TARGETED_DEVICE_FAMILY = "1,2";
			};
			name = Release;
		};
/* End XCBuildConfiguration section */

/* Begin XCConfigurationList section */
		63F3C70C248758AF00344B64 /* Build configuration list for PBXProject "Astronomy" */ = {
			isa = XCConfigurationList;
			buildConfigurations = (
				63F3C728248758B000344B64 /* Debug */,
				63F3C729248758B000344B64 /* Release */,
			);
			defaultConfigurationIsVisible = 0;
			defaultConfigurationName = Release;
		};
		63F3C72A248758B000344B64 /* Build configuration list for PBXNativeTarget "Astronomy" */ = {
			isa = XCConfigurationList;
			buildConfigurations = (
				63F3C72B248758B000344B64 /* Debug */,
				63F3C72C248758B000344B64 /* Release */,
			);
			defaultConfigurationIsVisible = 0;
			defaultConfigurationName = Release;
		};
/* End XCConfigurationList section */
	};
	rootObject = 63F3C709248758AF00344B64 /* Project object */;
}
