// !$*UTF8*$!
{
	archiveVersion = 1;
	classes = {
	};
	objectVersion = 50;
	objects = {

/* Begin PBXBuildFile section */
		A8998D6625F2CBB90072E270 /* LSIErrors.m in Sources */ = {isa = PBXBuildFile; fileRef = A8998D6525F2CBB90072E270 /* LSIErrors.m */; };
		A8998D6A25F2CBEB0072E270 /* LSIFileHelper.m in Sources */ = {isa = PBXBuildFile; fileRef = A8998D6925F2CBEB0072E270 /* LSIFileHelper.m */; };
		A8998D6E25F2CC240072E270 /* LSILog.m in Sources */ = {isa = PBXBuildFile; fileRef = A8998D6D25F2CC240072E270 /* LSILog.m */; };
		A8998D7225F2CC550072E270 /* URL + Secure.swift in Sources */ = {isa = PBXBuildFile; fileRef = A8998D7125F2CC550072E270 /* URL + Secure.swift */; };
		A8D4231B25F2B9FE00CC793F /* AppDelegate.m in Sources */ = {isa = PBXBuildFile; fileRef = A8D4231A25F2B9FE00CC793F /* AppDelegate.m */; };
		A8D4231E25F2B9FE00CC793F /* SceneDelegate.m in Sources */ = {isa = PBXBuildFile; fileRef = A8D4231D25F2B9FE00CC793F /* SceneDelegate.m */; };
		A8D4232425F2B9FE00CC793F /* Main.storyboard in Resources */ = {isa = PBXBuildFile; fileRef = A8D4232225F2B9FE00CC793F /* Main.storyboard */; };
		A8D4232625F2B9FF00CC793F /* Assets.xcassets in Resources */ = {isa = PBXBuildFile; fileRef = A8D4232525F2B9FF00CC793F /* Assets.xcassets */; };
		A8D4232925F2B9FF00CC793F /* LaunchScreen.storyboard in Resources */ = {isa = PBXBuildFile; fileRef = A8D4232725F2B9FF00CC793F /* LaunchScreen.storyboard */; };
		A8D4232C25F2B9FF00CC793F /* main.m in Sources */ = {isa = PBXBuildFile; fileRef = A8D4232B25F2B9FF00CC793F /* main.m */; };
		A8DBC1B925F2CA8500A3DDFD /* LSINetworkController.m in Sources */ = {isa = PBXBuildFile; fileRef = A8DBC1B825F2CA8500A3DDFD /* LSINetworkController.m */; };
		A8DBC1C125F2CAE500A3DDFD /* DetailViewController.swift in Sources */ = {isa = PBXBuildFile; fileRef = A8DBC1C025F2CAE500A3DDFD /* DetailViewController.swift */; };
/* End PBXBuildFile section */

/* Begin PBXFileReference section */
		A8998D6425F2CBB90072E270 /* LSIErrors.h */ = {isa = PBXFileReference; lastKnownFileType = sourcecode.c.h; path = LSIErrors.h; sourceTree = "<group>"; };
		A8998D6525F2CBB90072E270 /* LSIErrors.m */ = {isa = PBXFileReference; lastKnownFileType = sourcecode.c.objc; path = LSIErrors.m; sourceTree = "<group>"; };
		A8998D6825F2CBEB0072E270 /* LSIFileHelper.h */ = {isa = PBXFileReference; lastKnownFileType = sourcecode.c.h; path = LSIFileHelper.h; sourceTree = "<group>"; };
		A8998D6925F2CBEB0072E270 /* LSIFileHelper.m */ = {isa = PBXFileReference; lastKnownFileType = sourcecode.c.objc; path = LSIFileHelper.m; sourceTree = "<group>"; };
		A8998D6C25F2CC240072E270 /* LSILog.h */ = {isa = PBXFileReference; lastKnownFileType = sourcecode.c.h; path = LSILog.h; sourceTree = "<group>"; };
		A8998D6D25F2CC240072E270 /* LSILog.m */ = {isa = PBXFileReference; lastKnownFileType = sourcecode.c.objc; path = LSILog.m; sourceTree = "<group>"; };
		A8998D7125F2CC550072E270 /* URL + Secure.swift */ = {isa = PBXFileReference; lastKnownFileType = sourcecode.swift; path = "URL + Secure.swift"; sourceTree = "<group>"; };
		A8D4231625F2B9FE00CC793F /* Astronomy - ObjC.app */ = {isa = PBXFileReference; explicitFileType = wrapper.application; includeInIndex = 0; path = "Astronomy - ObjC.app"; sourceTree = BUILT_PRODUCTS_DIR; };
		A8D4231925F2B9FE00CC793F /* AppDelegate.h */ = {isa = PBXFileReference; lastKnownFileType = sourcecode.c.h; path = AppDelegate.h; sourceTree = "<group>"; };
		A8D4231A25F2B9FE00CC793F /* AppDelegate.m */ = {isa = PBXFileReference; lastKnownFileType = sourcecode.c.objc; path = AppDelegate.m; sourceTree = "<group>"; };
		A8D4231C25F2B9FE00CC793F /* SceneDelegate.h */ = {isa = PBXFileReference; lastKnownFileType = sourcecode.c.h; path = SceneDelegate.h; sourceTree = "<group>"; };
		A8D4231D25F2B9FE00CC793F /* SceneDelegate.m */ = {isa = PBXFileReference; lastKnownFileType = sourcecode.c.objc; path = SceneDelegate.m; sourceTree = "<group>"; };
		A8D4232325F2B9FE00CC793F /* Base */ = {isa = PBXFileReference; lastKnownFileType = file.storyboard; name = Base; path = Base.lproj/Main.storyboard; sourceTree = "<group>"; };
		A8D4232525F2B9FF00CC793F /* Assets.xcassets */ = {isa = PBXFileReference; lastKnownFileType = folder.assetcatalog; path = Assets.xcassets; sourceTree = "<group>"; };
		A8D4232825F2B9FF00CC793F /* Base */ = {isa = PBXFileReference; lastKnownFileType = file.storyboard; name = Base; path = Base.lproj/LaunchScreen.storyboard; sourceTree = "<group>"; };
		A8D4232A25F2B9FF00CC793F /* Info.plist */ = {isa = PBXFileReference; lastKnownFileType = text.plist.xml; path = Info.plist; sourceTree = "<group>"; };
		A8D4232B25F2B9FF00CC793F /* main.m */ = {isa = PBXFileReference; lastKnownFileType = sourcecode.c.objc; path = main.m; sourceTree = "<group>"; };
		A8DBC1B725F2CA8500A3DDFD /* LSINetworkController.h */ = {isa = PBXFileReference; lastKnownFileType = sourcecode.c.h; path = LSINetworkController.h; sourceTree = "<group>"; };
		A8DBC1B825F2CA8500A3DDFD /* LSINetworkController.m */ = {isa = PBXFileReference; lastKnownFileType = sourcecode.c.objc; path = LSINetworkController.m; sourceTree = "<group>"; };
		A8DBC1BF25F2CAE400A3DDFD /* Astronomy - ObjC-Bridging-Header.h */ = {isa = PBXFileReference; lastKnownFileType = sourcecode.c.h; path = "Astronomy - ObjC-Bridging-Header.h"; sourceTree = "<group>"; };
		A8DBC1C025F2CAE500A3DDFD /* DetailViewController.swift */ = {isa = PBXFileReference; lastKnownFileType = sourcecode.swift; path = DetailViewController.swift; sourceTree = "<group>"; };
/* End PBXFileReference section */

/* Begin PBXFrameworksBuildPhase section */
		A8D4231325F2B9FE00CC793F /* Frameworks */ = {
			isa = PBXFrameworksBuildPhase;
			buildActionMask = 2147483647;
			files = (
			);
			runOnlyForDeploymentPostprocessing = 0;
		};
/* End PBXFrameworksBuildPhase section */

/* Begin PBXGroup section */
		A8998D6325F2CB970072E270 /* Other */ = {
			isa = PBXGroup;
			children = (
				A8998D6425F2CBB90072E270 /* LSIErrors.h */,
				A8998D6525F2CBB90072E270 /* LSIErrors.m */,
				A8998D6825F2CBEB0072E270 /* LSIFileHelper.h */,
				A8998D6925F2CBEB0072E270 /* LSIFileHelper.m */,
				A8998D6C25F2CC240072E270 /* LSILog.h */,
				A8998D6D25F2CC240072E270 /* LSILog.m */,
				A8998D7125F2CC550072E270 /* URL + Secure.swift */,
			);
			path = Other;
			sourceTree = "<group>";
		};
		A8D4230D25F2B9FE00CC793F = {
			isa = PBXGroup;
			children = (
				A8D4231825F2B9FE00CC793F /* Astronomy - ObjC */,
				A8D4231725F2B9FE00CC793F /* Products */,
			);
			sourceTree = "<group>";
		};
		A8D4231725F2B9FE00CC793F /* Products */ = {
			isa = PBXGroup;
			children = (
				A8D4231625F2B9FE00CC793F /* Astronomy - ObjC.app */,
			);
			name = Products;
			sourceTree = "<group>";
		};
		A8D4231825F2B9FE00CC793F /* Astronomy - ObjC */ = {
			isa = PBXGroup;
			children = (
				A8998D6325F2CB970072E270 /* Other */,
				A8DBC1B525F2CA6900A3DDFD /* Networking */,
				A8DBC1B125F2BA8C00A3DDFD /* AppResources */,
				A8DBC1BC25F2CAC600A3DDFD /* ViewControllers */,
				A8DBC1B325F2BAA200A3DDFD /* Storyboards */,
				A8D4232A25F2B9FF00CC793F /* Info.plist */,
				A8D4232B25F2B9FF00CC793F /* main.m */,
			);
			path = "Astronomy - ObjC";
			sourceTree = "<group>";
		};
		A8DBC1B125F2BA8C00A3DDFD /* AppResources */ = {
			isa = PBXGroup;
			children = (
				A8D4231925F2B9FE00CC793F /* AppDelegate.h */,
				A8D4231A25F2B9FE00CC793F /* AppDelegate.m */,
				A8D4231C25F2B9FE00CC793F /* SceneDelegate.h */,
				A8D4231D25F2B9FE00CC793F /* SceneDelegate.m */,
				A8D4232525F2B9FF00CC793F /* Assets.xcassets */,
			);
			path = AppResources;
			sourceTree = "<group>";
		};
		A8DBC1B325F2BAA200A3DDFD /* Storyboards */ = {
			isa = PBXGroup;
			children = (
				A8D4232225F2B9FE00CC793F /* Main.storyboard */,
				A8D4232725F2B9FF00CC793F /* LaunchScreen.storyboard */,
			);
			path = Storyboards;
			sourceTree = "<group>";
		};
		A8DBC1B525F2CA6900A3DDFD /* Networking */ = {
			isa = PBXGroup;
			children = (
				A8DBC1B725F2CA8500A3DDFD /* LSINetworkController.h */,
				A8DBC1B825F2CA8500A3DDFD /* LSINetworkController.m */,
			);
			path = Networking;
			sourceTree = "<group>";
		};
		A8DBC1BC25F2CAC600A3DDFD /* ViewControllers */ = {
			isa = PBXGroup;
			children = (
				A8DBC1C025F2CAE500A3DDFD /* DetailViewController.swift */,
				A8DBC1BF25F2CAE400A3DDFD /* Astronomy - ObjC-Bridging-Header.h */,
			);
			path = ViewControllers;
			sourceTree = "<group>";
		};
/* End PBXGroup section */

/* Begin PBXNativeTarget section */
		A8D4231525F2B9FE00CC793F /* Astronomy - ObjC */ = {
			isa = PBXNativeTarget;
			buildConfigurationList = A8D4232F25F2B9FF00CC793F /* Build configuration list for PBXNativeTarget "Astronomy - ObjC" */;
			buildPhases = (
				A8D4231225F2B9FE00CC793F /* Sources */,
				A8D4231325F2B9FE00CC793F /* Frameworks */,
				A8D4231425F2B9FE00CC793F /* Resources */,
			);
			buildRules = (
			);
			dependencies = (
			);
			name = "Astronomy - ObjC";
			productName = "Astronomy - ObjC";
			productReference = A8D4231625F2B9FE00CC793F /* Astronomy - ObjC.app */;
			productType = "com.apple.product-type.application";
		};
/* End PBXNativeTarget section */

/* Begin PBXProject section */
		A8D4230E25F2B9FE00CC793F /* Project object */ = {
			isa = PBXProject;
			attributes = {
				LastUpgradeCheck = 1240;
				TargetAttributes = {
					A8D4231525F2B9FE00CC793F = {
						CreatedOnToolsVersion = 12.4;
						LastSwiftMigration = 1240;
					};
				};
			};
			buildConfigurationList = A8D4231125F2B9FE00CC793F /* Build configuration list for PBXProject "Astronomy - ObjC" */;
			compatibilityVersion = "Xcode 9.3";
			developmentRegion = en;
			hasScannedForEncodings = 0;
			knownRegions = (
				en,
				Base,
			);
			mainGroup = A8D4230D25F2B9FE00CC793F;
			productRefGroup = A8D4231725F2B9FE00CC793F /* Products */;
			projectDirPath = "";
			projectRoot = "";
			targets = (
				A8D4231525F2B9FE00CC793F /* Astronomy - ObjC */,
			);
		};
/* End PBXProject section */

/* Begin PBXResourcesBuildPhase section */
		A8D4231425F2B9FE00CC793F /* Resources */ = {
			isa = PBXResourcesBuildPhase;
			buildActionMask = 2147483647;
			files = (
				A8D4232925F2B9FF00CC793F /* LaunchScreen.storyboard in Resources */,
				A8D4232625F2B9FF00CC793F /* Assets.xcassets in Resources */,
				A8D4232425F2B9FE00CC793F /* Main.storyboard in Resources */,
			);
			runOnlyForDeploymentPostprocessing = 0;
		};
/* End PBXResourcesBuildPhase section */

/* Begin PBXSourcesBuildPhase section */
		A8D4231225F2B9FE00CC793F /* Sources */ = {
			isa = PBXSourcesBuildPhase;
			buildActionMask = 2147483647;
			files = (
				A8D4231B25F2B9FE00CC793F /* AppDelegate.m in Sources */,
				A8D4232C25F2B9FF00CC793F /* main.m in Sources */,
				A8998D7225F2CC550072E270 /* URL + Secure.swift in Sources */,
				A8DBC1C125F2CAE500A3DDFD /* DetailViewController.swift in Sources */,
				A8DBC1B925F2CA8500A3DDFD /* LSINetworkController.m in Sources */,
				A8998D6A25F2CBEB0072E270 /* LSIFileHelper.m in Sources */,
				A8998D6E25F2CC240072E270 /* LSILog.m in Sources */,
				A8D4231E25F2B9FE00CC793F /* SceneDelegate.m in Sources */,
				A8998D6625F2CBB90072E270 /* LSIErrors.m in Sources */,
			);
			runOnlyForDeploymentPostprocessing = 0;
		};
/* End PBXSourcesBuildPhase section */

/* Begin PBXVariantGroup section */
		A8D4232225F2B9FE00CC793F /* Main.storyboard */ = {
			isa = PBXVariantGroup;
			children = (
				A8D4232325F2B9FE00CC793F /* Base */,
			);
			name = Main.storyboard;
			sourceTree = "<group>";
		};
		A8D4232725F2B9FF00CC793F /* LaunchScreen.storyboard */ = {
			isa = PBXVariantGroup;
			children = (
				A8D4232825F2B9FF00CC793F /* Base */,
			);
			name = LaunchScreen.storyboard;
			sourceTree = "<group>";
		};
/* End PBXVariantGroup section */

/* Begin XCBuildConfiguration section */
		A8D4232D25F2B9FF00CC793F /* Debug */ = {
			isa = XCBuildConfiguration;
			buildSettings = {
				ALWAYS_SEARCH_USER_PATHS = NO;
				CLANG_ANALYZER_NONNULL = YES;
				CLANG_ANALYZER_NUMBER_OBJECT_CONVERSION = YES_AGGRESSIVE;
				CLANG_CXX_LANGUAGE_STANDARD = "gnu++14";
				CLANG_CXX_LIBRARY = "libc++";
				CLANG_ENABLE_MODULES = YES;
				CLANG_ENABLE_OBJC_ARC = YES;
				CLANG_ENABLE_OBJC_WEAK = YES;
				CLANG_WARN_BLOCK_CAPTURE_AUTORELEASING = YES;
				CLANG_WARN_BOOL_CONVERSION = YES;
				CLANG_WARN_COMMA = YES;
				CLANG_WARN_CONSTANT_CONVERSION = YES;
				CLANG_WARN_DEPRECATED_OBJC_IMPLEMENTATIONS = YES;
				CLANG_WARN_DIRECT_OBJC_ISA_USAGE = YES_ERROR;
				CLANG_WARN_DOCUMENTATION_COMMENTS = YES;
				CLANG_WARN_EMPTY_BODY = YES;
				CLANG_WARN_ENUM_CONVERSION = YES;
				CLANG_WARN_INFINITE_RECURSION = YES;
				CLANG_WARN_INT_CONVERSION = YES;
				CLANG_WARN_NON_LITERAL_NULL_CONVERSION = YES;
				CLANG_WARN_OBJC_IMPLICIT_RETAIN_SELF = YES;
				CLANG_WARN_OBJC_LITERAL_CONVERSION = YES;
				CLANG_WARN_OBJC_ROOT_CLASS = YES_ERROR;
				CLANG_WARN_QUOTED_INCLUDE_IN_FRAMEWORK_HEADER = YES;
				CLANG_WARN_RANGE_LOOP_ANALYSIS = YES;
				CLANG_WARN_STRICT_PROTOTYPES = YES;
				CLANG_WARN_SUSPICIOUS_MOVE = YES;
				CLANG_WARN_UNGUARDED_AVAILABILITY = YES_AGGRESSIVE;
				CLANG_WARN_UNREACHABLE_CODE = YES;
				CLANG_WARN__DUPLICATE_METHOD_MATCH = YES;
				COPY_PHASE_STRIP = NO;
				DEBUG_INFORMATION_FORMAT = dwarf;
				ENABLE_STRICT_OBJC_MSGSEND = YES;
				ENABLE_TESTABILITY = YES;
				GCC_C_LANGUAGE_STANDARD = gnu11;
				GCC_DYNAMIC_NO_PIC = NO;
				GCC_NO_COMMON_BLOCKS = YES;
				GCC_OPTIMIZATION_LEVEL = 0;
				GCC_PREPROCESSOR_DEFINITIONS = (
					"DEBUG=1",
					"$(inherited)",
				);
				GCC_WARN_64_TO_32_BIT_CONVERSION = YES;
				GCC_WARN_ABOUT_RETURN_TYPE = YES_ERROR;
				GCC_WARN_UNDECLARED_SELECTOR = YES;
				GCC_WARN_UNINITIALIZED_AUTOS = YES_AGGRESSIVE;
				GCC_WARN_UNUSED_FUNCTION = YES;
				GCC_WARN_UNUSED_VARIABLE = YES;
				IPHONEOS_DEPLOYMENT_TARGET = 14.4;
				MTL_ENABLE_DEBUG_INFO = INCLUDE_SOURCE;
				MTL_FAST_MATH = YES;
				ONLY_ACTIVE_ARCH = YES;
				SDKROOT = iphoneos;
			};
			name = Debug;
		};
		A8D4232E25F2B9FF00CC793F /* Release */ = {
			isa = XCBuildConfiguration;
			buildSettings = {
				ALWAYS_SEARCH_USER_PATHS = NO;
				CLANG_ANALYZER_NONNULL = YES;
				CLANG_ANALYZER_NUMBER_OBJECT_CONVERSION = YES_AGGRESSIVE;
				CLANG_CXX_LANGUAGE_STANDARD = "gnu++14";
				CLANG_CXX_LIBRARY = "libc++";
				CLANG_ENABLE_MODULES = YES;
				CLANG_ENABLE_OBJC_ARC = YES;
				CLANG_ENABLE_OBJC_WEAK = YES;
				CLANG_WARN_BLOCK_CAPTURE_AUTORELEASING = YES;
				CLANG_WARN_BOOL_CONVERSION = YES;
				CLANG_WARN_COMMA = YES;
				CLANG_WARN_CONSTANT_CONVERSION = YES;
				CLANG_WARN_DEPRECATED_OBJC_IMPLEMENTATIONS = YES;
				CLANG_WARN_DIRECT_OBJC_ISA_USAGE = YES_ERROR;
				CLANG_WARN_DOCUMENTATION_COMMENTS = YES;
				CLANG_WARN_EMPTY_BODY = YES;
				CLANG_WARN_ENUM_CONVERSION = YES;
				CLANG_WARN_INFINITE_RECURSION = YES;
				CLANG_WARN_INT_CONVERSION = YES;
				CLANG_WARN_NON_LITERAL_NULL_CONVERSION = YES;
				CLANG_WARN_OBJC_IMPLICIT_RETAIN_SELF = YES;
				CLANG_WARN_OBJC_LITERAL_CONVERSION = YES;
				CLANG_WARN_OBJC_ROOT_CLASS = YES_ERROR;
				CLANG_WARN_QUOTED_INCLUDE_IN_FRAMEWORK_HEADER = YES;
				CLANG_WARN_RANGE_LOOP_ANALYSIS = YES;
				CLANG_WARN_STRICT_PROTOTYPES = YES;
				CLANG_WARN_SUSPICIOUS_MOVE = YES;
				CLANG_WARN_UNGUARDED_AVAILABILITY = YES_AGGRESSIVE;
				CLANG_WARN_UNREACHABLE_CODE = YES;
				CLANG_WARN__DUPLICATE_METHOD_MATCH = YES;
				COPY_PHASE_STRIP = NO;
				DEBUG_INFORMATION_FORMAT = "dwarf-with-dsym";
				ENABLE_NS_ASSERTIONS = NO;
				ENABLE_STRICT_OBJC_MSGSEND = YES;
				GCC_C_LANGUAGE_STANDARD = gnu11;
				GCC_NO_COMMON_BLOCKS = YES;
				GCC_WARN_64_TO_32_BIT_CONVERSION = YES;
				GCC_WARN_ABOUT_RETURN_TYPE = YES_ERROR;
				GCC_WARN_UNDECLARED_SELECTOR = YES;
				GCC_WARN_UNINITIALIZED_AUTOS = YES_AGGRESSIVE;
				GCC_WARN_UNUSED_FUNCTION = YES;
				GCC_WARN_UNUSED_VARIABLE = YES;
				IPHONEOS_DEPLOYMENT_TARGET = 14.4;
				MTL_ENABLE_DEBUG_INFO = NO;
				MTL_FAST_MATH = YES;
				SDKROOT = iphoneos;
				VALIDATE_PRODUCT = YES;
			};
			name = Release;
		};
		A8D4233025F2B9FF00CC793F /* Debug */ = {
			isa = XCBuildConfiguration;
			buildSettings = {
				ASSETCATALOG_COMPILER_APPICON_NAME = AppIcon;
				ASSETCATALOG_COMPILER_GLOBAL_ACCENT_COLOR_NAME = AccentColor;
				CLANG_ENABLE_MODULES = YES;
				CODE_SIGN_STYLE = Automatic;
				DEVELOPMENT_TEAM = 6R6MQNLHPL;
				INFOPLIST_FILE = "Astronomy - ObjC/Info.plist";
				LD_RUNPATH_SEARCH_PATHS = (
					"$(inherited)",
					"@executable_path/Frameworks",
				);
				PRODUCT_BUNDLE_IDENTIFIER = "com.Astronomy---ObjC.Astronomy---ObjC";
				PRODUCT_NAME = "$(TARGET_NAME)";
				SWIFT_OBJC_BRIDGING_HEADER = "Astronomy - ObjC/ViewControllers/Astronomy - ObjC-Bridging-Header.h";
				SWIFT_OPTIMIZATION_LEVEL = "-Onone";
				SWIFT_VERSION = 5.0;
				TARGETED_DEVICE_FAMILY = "1,2";
			};
			name = Debug;
		};
		A8D4233125F2B9FF00CC793F /* Release */ = {
			isa = XCBuildConfiguration;
			buildSettings = {
				ASSETCATALOG_COMPILER_APPICON_NAME = AppIcon;
				ASSETCATALOG_COMPILER_GLOBAL_ACCENT_COLOR_NAME = AccentColor;
				CLANG_ENABLE_MODULES = YES;
				CODE_SIGN_STYLE = Automatic;
				DEVELOPMENT_TEAM = 6R6MQNLHPL;
				INFOPLIST_FILE = "Astronomy - ObjC/Info.plist";
				LD_RUNPATH_SEARCH_PATHS = (
					"$(inherited)",
					"@executable_path/Frameworks",
				);
				PRODUCT_BUNDLE_IDENTIFIER = "com.Astronomy---ObjC.Astronomy---ObjC";
				PRODUCT_NAME = "$(TARGET_NAME)";
				SWIFT_OBJC_BRIDGING_HEADER = "Astronomy - ObjC/ViewControllers/Astronomy - ObjC-Bridging-Header.h";
				SWIFT_VERSION = 5.0;
				TARGETED_DEVICE_FAMILY = "1,2";
			};
			name = Release;
		};
/* End XCBuildConfiguration section */

/* Begin XCConfigurationList section */
		A8D4231125F2B9FE00CC793F /* Build configuration list for PBXProject "Astronomy - ObjC" */ = {
			isa = XCConfigurationList;
			buildConfigurations = (
				A8D4232D25F2B9FF00CC793F /* Debug */,
				A8D4232E25F2B9FF00CC793F /* Release */,
			);
			defaultConfigurationIsVisible = 0;
			defaultConfigurationName = Release;
		};
		A8D4232F25F2B9FF00CC793F /* Build configuration list for PBXNativeTarget "Astronomy - ObjC" */ = {
			isa = XCConfigurationList;
			buildConfigurations = (
				A8D4233025F2B9FF00CC793F /* Debug */,
				A8D4233125F2B9FF00CC793F /* Release */,
			);
			defaultConfigurationIsVisible = 0;
			defaultConfigurationName = Release;
		};
/* End XCConfigurationList section */
	};
	rootObject = A8D4230E25F2B9FE00CC793F /* Project object */;
}
